{
  "name": "arcmark-editor",
  "version": "0.1.0",
  "lockfileVersion": 3,
  "requires": true,
  "packages": {
    "": {
      "name": "arcmark-editor",
      "version": "0.1.0",
      "license": "MIT",
      "dependencies": {
        "@caraveo/arcmark-viewer": "file:../../packages/arcmark-viewer"
      },
      "bin": {
        "arcmark-editor": "server.js"
      },
      "engines": {
        "node": ">=18"
      }
    },
    "../../packages/arcmark-viewer": {
      "name": "@caraveo/arcmark-viewer",
      "version": "1.0.4",
      "license": "MIT",
      "devDependencies": {
        "linkedom": "^0.18.13"
      },
      "engines": {
        "node": ">=18"
      }
    },
    "node_modules/@caraveo/arcmark-viewer": {
      "resolved": "../../packages/arcmark-viewer",
      "link": true
    }
  }
}
